
Microsoft Visual Studio Solution File, Format Version 12.00
# Visual Studio Version 17
VisualStudioVersion = 17.14.36414.22
MinimumVisualStudioVersion = 10.0.40219.1
Project("{FAE04EC0-301F-11D3-BF4B-00C04F79EFBC}") = "UI.NumerosAleatorios", "UI.NumerosAleatorios\UI.NumerosAleatorios.csproj", "{95218B2B-6AAD-4F3F-A417-28607E1E77D4}"
EndProject
Project("{FAE04EC0-301F-11D3-BF4B-00C04F79EFBC}") = "FuncionesLambda", "FuncionesLambda\FuncionesLambda.csproj", "{32A478FF-A4EB-4BCB-9DC1-419BD1789C51}"
EndProject
Project("{FAE04EC0-301F-11D3-BF4B-00C04F79EFBC}") = "ComplejidadAlgoritmos", "ComplejidadAlgoritmos\ComplejidadAlgoritmos.csproj", "{400B23A3-1099-4DF9-8CBB-39444B1EC755}"
EndProject
Global
	GlobalSection(SolutionConfigurationPlatforms) = preSolution
		Debug|Any CPU = Debug|Any CPU
		Release|Any CPU = Release|Any CPU
	EndGlobalSection
	GlobalSection(ProjectConfigurationPlatforms) = postSolution
		{95218B2B-6AAD-4F3F-A417-28607E1E77D4}.Debug|Any CPU.ActiveCfg = Debug|Any CPU
		{95218B2B-6AAD-4F3F-A417-28607E1E77D4}.Debug|Any CPU.Build.0 = Debug|Any CPU
		{95218B2B-6AAD-4F3F-A417-28607E1E77D4}.Release|Any CPU.ActiveCfg = Release|Any CPU
		{95218B2B-6AAD-4F3F-A417-28607E1E77D4}.Release|Any CPU.Build.0 = Release|Any CPU
		{32A478FF-A4EB-4BCB-9DC1-419BD1789C51}.Debug|Any CPU.ActiveCfg = Debug|Any CPU
		{32A478FF-A4EB-4BCB-9DC1-419BD1789C51}.Debug|Any CPU.Build.0 = Debug|Any CPU
		{32A478FF-A4EB-4BCB-9DC1-419BD1789C51}.Release|Any CPU.ActiveCfg = Release|Any CPU
		{32A478FF-A4EB-4BCB-9DC1-419BD1789C51}.Release|Any CPU.Build.0 = Release|Any CPU
		{400B23A3-1099-4DF9-8CBB-39444B1EC755}.Debug|Any CPU.ActiveCfg = Debug|Any CPU
		{400B23A3-1099-4DF9-8CBB-39444B1EC755}.Debug|Any CPU.Build.0 = Debug|Any CPU
		{400B23A3-1099-4DF9-8CBB-39444B1EC755}.Release|Any CPU.ActiveCfg = Release|Any CPU
		{400B23A3-1099-4DF9-8CBB-39444B1EC755}.Release|Any CPU.Build.0 = Release|Any CPU
	EndGlobalSection
	GlobalSection(SolutionProperties) = preSolution
		HideSolutionNode = FALSE
	EndGlobalSection
	GlobalSection(ExtensibilityGlobals) = postSolution
		SolutionGuid = {DE83F393-9B37-405B-A14A-B2791393892B}
	EndGlobalSection
EndGlobal
